
Microsoft Visual Studio Solution File, Format Version 12.00
Project("{FAE04EC0-301F-11D3-BF4B-00C04F79EFBC}") = "FirstEntityFrameworkWebApi", "FirstEntityFrameworkWebApi\FirstEntityFrameworkWebApi.csproj", "{8A00E5FD-F2C0-4220-806D-CC81EC2B2CBF}"
EndProject
Global
	GlobalSection(SolutionConfigurationPlatforms) = preSolution
		Debug|Any CPU = Debug|Any CPU
		Release|Any CPU = Release|Any CPU
	EndGlobalSection
	GlobalSection(ProjectConfigurationPlatforms) = postSolution
		{8A00E5FD-F2C0-4220-806D-CC81EC2B2CBF}.Debug|Any CPU.ActiveCfg = Debug|Any CPU
		{8A00E5FD-F2C0-4220-806D-CC81EC2B2CBF}.Debug|Any CPU.Build.0 = Debug|Any CPU
		{8A00E5FD-F2C0-4220-806D-CC81EC2B2CBF}.Release|Any CPU.ActiveCfg = Release|Any CPU
		{8A00E5FD-F2C0-4220-806D-CC81EC2B2CBF}.Release|Any CPU.Build.0 = Release|Any CPU
	EndGlobalSection
EndGlobal
